
Microsoft Visual Studio Solution File, Format Version 12.00
# Visual Studio Version 17
VisualStudioVersion = 17.9.34616.47
MinimumVisualStudioVersion = 10.0.40219.1
Project("{FAE04EC0-301F-11D3-BF4B-00C04F79EFBC}") = "CrashRama", "CrashRama.csproj", "{9E8B8580-8618-4E9C-914D-07B6DECF4AF1}"
EndProject
Global
	GlobalSection(SolutionConfigurationPlatforms) = preSolution
		Debug|Any CPU = Debug|Any CPU
		Release|Any CPU = Release|Any CPU
	EndGlobalSection
	GlobalSection(ProjectConfigurationPlatforms) = postSolution
		{9E8B8580-8618-4E9C-914D-07B6DECF4AF1}.Debug|Any CPU.ActiveCfg = Debug|Any CPU
		{9E8B8580-8618-4E9C-914D-07B6DECF4AF1}.Debug|Any CPU.Build.0 = Debug|Any CPU
		{9E8B8580-8618-4E9C-914D-07B6DECF4AF1}.Release|Any CPU.ActiveCfg = Release|Any CPU
		{9E8B8580-8618-4E9C-914D-07B6DECF4AF1}.Release|Any CPU.Build.0 = Release|Any CPU
	EndGlobalSection
	GlobalSection(SolutionProperties) = preSolution
		HideSolutionNode = FALSE
	EndGlobalSection
	GlobalSection(ExtensibilityGlobals) = postSolution
		SolutionGuid = {2C769D3D-07FC-4E8D-9FA2-0B89F82144FD}
	EndGlobalSection
EndGlobal
